<?xml version="1.0" encoding="utf-8"?>
<Project ToolsVersion="4.0" xmlns="http://schemas.microsoft.com/developer/msbuild/2003">
  <ItemGroup>
    <Filter Include="Source Files">
      <UniqueIdentifier>{4FC737F1-C7A5-4376-A066-2A32D752A2FF}</UniqueIdentifier>
      <Extensions>cpp;c;cc;cxx;c++;cppm;ixx;def;odl;idl;hpj;bat;asm;asmx</Extensions>
    </Filter>
    <Filter Include="Header Files">
      <UniqueIdentifier>{93995380-89BD-4b04-88EB-625FBE52EBFB}</UniqueIdentifier>
      <Extensions>h;hh;hpp;hxx;h++;hm;inl;inc;ipp;xsd</Extensions>
    </Filter>
    <Filter Include="Resource Files">
      <UniqueIdentifier>{67DA6AB6-F800-4c08-8B7A-83BB121AAD01}</UniqueIdentifier>
      <Extensions>rc;ico;cur;bmp;dlg;rc2;rct;bin;rgs;gif;jpg;jpeg;jpe;resx;tiff;tif;png;wav;mfcribbon-ms</Extensions>
    </Filter>
    <Filter Include="App">
      <UniqueIdentifier>{11171a5e-5552-44f5-9410-a41660f176bb}</UniqueIdentifier>
    </Filter>
    <Filter Include="Texture">
      <UniqueIdentifier>{12d035b6-758c-4cd2-aa76-b812248abe3c}</UniqueIdentifier>
    </Filter>
    <Filter Include="Draw">
      <UniqueIdentifier>{e0666e50-f4a2-4651-ad4c-97b0e65e67a2}</UniqueIdentifier>
    </Filter>
  </ItemGroup>
  <ItemGroup>
    <ClInclude Include="TrinityApp.h">
      <Filter>App</Filter>
    </ClInclude>
    <ClInclude Include="Texture2D.h">
      <Filter>Texture</Filter>
    </ClInclude>
    <ClInclude Include="SmartDraw.h">
      <Filter>Draw</Filter>
    </ClInclude>
  </ItemGroup>
  <ItemGroup>
    <ClCompile Include="TrinityApp.cpp">
      <Filter>App</Filter>
    </ClCompile>
    <ClCompile Include="Texture2D.cpp">
      <Filter>Texture</Filter>
    </ClCompile>
    <ClCompile Include="SmartDraw.cpp">
      <Filter>Draw</Filter>
    </ClCompile>
  </ItemGroup>
</Project>