<?xml version="1.0" encoding="utf-8"?>
<Project ToolsVersion="4.0" xmlns="http://schemas.microsoft.com/developer/msbuild/2003">
  <ItemGroup>
    <Filter Include="Source Files">
      <UniqueIdentifier>{4FC737F1-C7A5-4376-A066-2A32D752A2FF}</UniqueIdentifier>
      <Extensions>cpp;c;cc;cxx;c++;cppm;ixx;def;odl;idl;hpj;bat;asm;asmx</Extensions>
    </Filter>
    <Filter Include="Header Files">
      <UniqueIdentifier>{93995380-89BD-4b04-88EB-625FBE52EBFB}</UniqueIdentifier>
      <Extensions>h;hh;hpp;hxx;h++;hm;inl;inc;ipp;xsd</Extensions>
    </Filter>
    <Filter Include="Resource Files">
      <UniqueIdentifier>{67DA6AB6-F800-4c08-8B7A-83BB121AAD01}</UniqueIdentifier>
      <Extensions>rc;ico;cur;bmp;dlg;rc2;rct;bin;rgs;gif;jpg;jpeg;jpe;resx;tiff;tif;png;wav;mfcribbon-ms</Extensions>
    </Filter>
    <Filter Include="App">
      <UniqueIdentifier>{11171a5e-5552-44f5-9410-a41660f176bb}</UniqueIdentifier>
    </Filter>
    <Filter Include="Texture">
      <UniqueIdentifier>{12d035b6-758c-4cd2-aa76-b812248abe3c}</UniqueIdentifier>
    </Filter>
    <Filter Include="Draw">
      <UniqueIdentifier>{e0666e50-f4a2-4651-ad4c-97b0e65e67a2}</UniqueIdentifier>
    </Filter>
    <Filter Include="SceneGraph">
      <UniqueIdentifier>{ccc38013-9c65-46b5-8657-85b1d2f3230a}</UniqueIdentifier>
    </Filter>
    <Filter Include="Import">
      <UniqueIdentifier>{15a9966d-4bd2-40de-ba47-391df94eb191}</UniqueIdentifier>
    </Filter>
    <Filter Include="Material">
      <UniqueIdentifier>{d45866cd-b9da-43c8-91b9-80f48ed0fb15}</UniqueIdentifier>
    </Filter>
    <Filter Include="Data">
      <UniqueIdentifier>{f018dbb8-5cc1-4208-99c3-8759bcee639d}</UniqueIdentifier>
    </Filter>
    <Filter Include="RenderTarget">
      <UniqueIdentifier>{160ca582-ceb0-437b-b192-7cb28884fb05}</UniqueIdentifier>
    </Filter>
    <Filter Include="Render">
      <UniqueIdentifier>{36fab7e3-b235-4924-9547-7d08c03d3730}</UniqueIdentifier>
    </Filter>
    <Filter Include="Picking">
      <UniqueIdentifier>{fdd19ab1-2631-4d85-b2bd-e66b4e0fff0c}</UniqueIdentifier>
    </Filter>
    <Filter Include="JS">
      <UniqueIdentifier>{d8ecd0a1-ad53-4327-8367-b9c346aad87c}</UniqueIdentifier>
    </Filter>
    <Filter Include="Physx">
      <UniqueIdentifier>{bba20424-925e-436e-bbf4-7ec961f6509c}</UniqueIdentifier>
    </Filter>
    <Filter Include="GameUI">
      <UniqueIdentifier>{9a9e1cda-9ddd-47ad-9d31-bf6f650609a3}</UniqueIdentifier>
    </Filter>
    <Filter Include="Audio">
      <UniqueIdentifier>{f50c7444-f35e-4914-9f8b-bee40d2edeb7}</UniqueIdentifier>
    </Filter>
  </ItemGroup>
  <ItemGroup>
    <ClInclude Include="TrinityApp.h">
      <Filter>App</Filter>
    </ClInclude>
    <ClInclude Include="Texture2D.h">
      <Filter>Texture</Filter>
    </ClInclude>
    <ClInclude Include="SmartDraw.h">
      <Filter>Draw</Filter>
    </ClInclude>
    <ClInclude Include="SceneGraph.h">
      <Filter>SceneGraph</Filter>
    </ClInclude>
    <ClInclude Include="Node3D.h">
      <Filter>SceneGraph</Filter>
    </ClInclude>
    <ClInclude Include="NodeCamera.h">
      <Filter>SceneGraph</Filter>
    </ClInclude>
    <ClInclude Include="NodeLight.h">
      <Filter>SceneGraph</Filter>
    </ClInclude>
    <ClInclude Include="Material.h">
      <Filter>Material</Filter>
    </ClInclude>
    <ClInclude Include="NodeEntity.h">
      <Filter>SceneGraph</Filter>
    </ClInclude>
    <ClInclude Include="Mesh3D.h">
      <Filter>Data</Filter>
    </ClInclude>
    <ClInclude Include="DataTypes.h">
      <Filter>Data</Filter>
    </ClInclude>
    <ClInclude Include="Importer.h">
      <Filter>Import</Filter>
    </ClInclude>
    <ClInclude Include="VString.h">
      <Filter>Header Files</Filter>
    </ClInclude>
    <ClInclude Include="VFile.h">
      <Filter>Import</Filter>
    </ClInclude>
    <ClInclude Include="TextureCube.h">
      <Filter>Texture</Filter>
    </ClInclude>
    <ClInclude Include="RenderTargetCube.h">
      <Filter>RenderTarget</Filter>
    </ClInclude>
    <ClInclude Include="CubeRenderer.h">
      <Filter>Render</Filter>
    </ClInclude>
    <ClInclude Include="MeshRenderer.h">
      <Filter>Render</Filter>
    </ClInclude>
    <ClInclude Include="RayPicker.h">
      <Filter>Picking</Filter>
    </ClInclude>
    <ClInclude Include="MeshLines.h">
      <Filter>Data</Filter>
    </ClInclude>
    <ClInclude Include="DirCollection.h">
      <Filter>Header Files</Filter>
    </ClInclude>
    <ClInclude Include="PBBox.h">
      <Filter>Physx</Filter>
    </ClInclude>
    <ClInclude Include="PBCapsule.h">
      <Filter>Physx</Filter>
    </ClInclude>
    <ClInclude Include="PBConvex.h">
      <Filter>Physx</Filter>
    </ClInclude>
    <ClInclude Include="PBSphere.h">
      <Filter>Physx</Filter>
    </ClInclude>
    <ClInclude Include="PBTerrain.h">
      <Filter>Physx</Filter>
    </ClInclude>
    <ClInclude Include="PBTriangles.h">
      <Filter>Physx</Filter>
    </ClInclude>
    <ClInclude Include="ScriptHost.h">
      <Filter>SceneGraph</Filter>
    </ClInclude>
    <ClInclude Include="SceneGlobal.h">
      <Filter>SceneGraph</Filter>
    </ClInclude>
    <ClInclude Include="GameUI.h">
      <Filter>GameUI</Filter>
    </ClInclude>
    <ClInclude Include="Audio.h">
      <Filter>Audio</Filter>
    </ClInclude>
    <ClInclude Include="Physics.h">
      <Filter>Physx</Filter>
    </ClInclude>
    <ClInclude Include="PhysicsBody.h">
      <Filter>Physx</Filter>
    </ClInclude>
    <ClInclude Include="kFont.h">
      <Filter>Header Files</Filter>
    </ClInclude>
    <ClInclude Include="ScriptObject.h">
      <Filter>SceneGraph</Filter>
    </ClInclude>
    <ClInclude Include="VarWatch.h">
      <Filter>Header Files</Filter>
    </ClInclude>
  </ItemGroup>
  <ItemGroup>
    <ClCompile Include="TrinityApp.cpp">
      <Filter>App</Filter>
    </ClCompile>
    <ClCompile Include="Texture2D.cpp">
      <Filter>Texture</Filter>
    </ClCompile>
    <ClCompile Include="SmartDraw.cpp">
      <Filter>Draw</Filter>
    </ClCompile>
    <ClCompile Include="SceneGraph.cpp">
      <Filter>SceneGraph</Filter>
    </ClCompile>
    <ClCompile Include="Node3D.cpp">
      <Filter>SceneGraph</Filter>
    </ClCompile>
    <ClCompile Include="NodeCamera.cpp">
      <Filter>SceneGraph</Filter>
    </ClCompile>
    <ClCompile Include="NodeLight.cpp">
      <Filter>SceneGraph</Filter>
    </ClCompile>
    <ClCompile Include="Material.cpp">
      <Filter>Material</Filter>
    </ClCompile>
    <ClCompile Include="NodeEntity.cpp">
      <Filter>SceneGraph</Filter>
    </ClCompile>
    <ClCompile Include="Mesh3D.cpp">
      <Filter>Data</Filter>
    </ClCompile>
    <ClCompile Include="Importer.cpp">
      <Filter>Import</Filter>
    </ClCompile>
    <ClCompile Include="VString.cpp">
      <Filter>Source Files</Filter>
    </ClCompile>
    <ClCompile Include="VFile.cpp">
      <Filter>Import</Filter>
    </ClCompile>
    <ClCompile Include="TextureCube.cpp">
      <Filter>Texture</Filter>
    </ClCompile>
    <ClCompile Include="RenderTargetCube.cpp">
      <Filter>RenderTarget</Filter>
    </ClCompile>
    <ClCompile Include="CubeRenderer.cpp">
      <Filter>Render</Filter>
    </ClCompile>
    <ClCompile Include="MeshRenderer.cpp">
      <Filter>Render</Filter>
    </ClCompile>
    <ClCompile Include="RayPicker.cpp">
      <Filter>Picking</Filter>
    </ClCompile>
    <ClCompile Include="MeshLines.cpp">
      <Filter>Data</Filter>
    </ClCompile>
    <ClCompile Include="DirCollection.cpp">
      <Filter>Source Files</Filter>
    </ClCompile>
    <ClCompile Include="PBBox.cpp">
      <Filter>Physx</Filter>
    </ClCompile>
    <ClCompile Include="PBCapsule.cpp">
      <Filter>Physx</Filter>
    </ClCompile>
    <ClCompile Include="PBConvex.cpp">
      <Filter>Physx</Filter>
    </ClCompile>
    <ClCompile Include="PBSphere.cpp">
      <Filter>Physx</Filter>
    </ClCompile>
    <ClCompile Include="PBTerrain.cpp">
      <Filter>Physx</Filter>
    </ClCompile>
    <ClCompile Include="PBTriangles.cpp">
      <Filter>Physx</Filter>
    </ClCompile>
    <ClCompile Include="ScriptObject.cpp">
      <Filter>SceneGraph</Filter>
    </ClCompile>
    <ClCompile Include="SceneGlobal.cpp">
      <Filter>SceneGraph</Filter>
    </ClCompile>
    <ClCompile Include="GameUI.cpp">
      <Filter>GameUI</Filter>
    </ClCompile>
    <ClCompile Include="Audio.cpp">
      <Filter>Audio</Filter>
    </ClCompile>
    <ClCompile Include="Physics.cpp">
      <Filter>Physx</Filter>
    </ClCompile>
    <ClCompile Include="PhysicsBody.cpp">
      <Filter>Physx</Filter>
    </ClCompile>
    <ClCompile Include="kFont.cpp">
      <Filter>Source Files</Filter>
    </ClCompile>
    <ClCompile Include="VarWatch.cpp">
      <Filter>Source Files</Filter>
    </ClCompile>
  </ItemGroup>
  <ItemGroup>
    <None Include="packages.config" />
  </ItemGroup>
</Project>